
Microsoft Visual Studio Solution File, Format Version 12.00
# Visual Studio Version 16
VisualStudioVersion = 16.0.30413.136
MinimumVisualStudioVersion = 10.0.40219.1
Project("{FAE04EC0-301F-11D3-BF4B-00C04F79EFBC}") = "ADSLConnecter", "ADSLConnecter.csproj", "{EFFBA9C3-AE1A-4206-A065-BE19446E2C61}"
EndProject
Global
	GlobalSection(SolutionConfigurationPlatforms) = preSolution
		Debug|Any CPU = Debug|Any CPU
		Release|Any CPU = Release|Any CPU
	EndGlobalSection
	GlobalSection(ProjectConfigurationPlatforms) = postSolution
		{EFFBA9C3-AE1A-4206-A065-BE19446E2C61}.Debug|Any CPU.ActiveCfg = Debug|Any CPU
		{EFFBA9C3-AE1A-4206-A065-BE19446E2C61}.Debug|Any CPU.Build.0 = Debug|Any CPU
		{EFFBA9C3-AE1A-4206-A065-BE19446E2C61}.Release|Any CPU.ActiveCfg = Release|Any CPU
		{EFFBA9C3-AE1A-4206-A065-BE19446E2C61}.Release|Any CPU.Build.0 = Release|Any CPU
	EndGlobalSection
	GlobalSection(SolutionProperties) = preSolution
		HideSolutionNode = FALSE
	EndGlobalSection
	GlobalSection(ExtensibilityGlobals) = postSolution
		SolutionGuid = {0A568C58-DAF4-469E-8A6F-BBC7B9EB8713}
	EndGlobalSection
EndGlobal
